
Microsoft Visual Studio Solution File, Format Version 12.00
# Visual Studio Version 17
VisualStudioVersion = 17.11.35327.3
MinimumVisualStudioVersion = 10.0.40219.1
Project("{9A19103F-16F7-4668-BE54-9A1E7A4F7556}") = "02、异步编程_获取网页信息", "02、异步编程_获取网页信息\02、异步编程_获取网页信息.csproj", "{71BC87FC-AF01-44E9-A088-3A6EA8D4C327}"
EndProject
Project("{9A19103F-16F7-4668-BE54-9A1E7A4F7556}") = "03、委托", "03、LINQ\03、委托.csproj", "{F7F680E1-542B-4BBF-B4CC-4AB0D74A3E94}"
EndProject
Project("{9A19103F-16F7-4668-BE54-9A1E7A4F7556}") = "04、Lambda表达式", "04、Lambda表达式\04、Lambda表达式.csproj", "{A57CF9BD-B47A-4474-B944-BB74159AACAA}"
EndProject
Project("{9A19103F-16F7-4668-BE54-9A1E7A4F7556}") = "05、RestAPI", "05、RestAPI\05、RestAPI.csproj", "{BD309BA0-5AA5-4641-B00A-BE49879D08E6}"
EndProject
Project("{FAE04EC0-301F-11D3-BF4B-00C04F79EFBC}") = "06、依赖注入", "06、依赖注入\06、依赖注入.csproj", "{C88C7681-60F0-4BF9-A7CA-6A2CBF9DD349}"
EndProject
Project("{FAE04EC0-301F-11D3-BF4B-00C04F79EFBC}") = "07、IOC控制反转1", "07、IOC控制反转1\07、IOC控制反转1.csproj", "{F6970D57-2E0F-4544-810C-08D174A7373E}"
EndProject
Project("{FAE04EC0-301F-11D3-BF4B-00C04F79EFBC}") = "08、DI的传染性", "08、DI的传染性\08、DI的传染性.csproj", "{A101B09D-F039-4C82-8DD4-E72B75902F75}"
EndProject
Project("{FAE04EC0-301F-11D3-BF4B-00C04F79EFBC}") = "09、依赖注入DI案例", "09、依赖注入DI案例\09、依赖注入DI案例.csproj", "{749D3474-768D-4C9A-BAEF-63C8C46AD7A8}"
EndProject
Project("{FAE04EC0-301F-11D3-BF4B-00C04F79EFBC}") = "MailServices", "MailServices\MailServices.csproj", "{106B065C-EF9F-4D8A-9735-653C628A1A07}"
EndProject
Project("{FAE04EC0-301F-11D3-BF4B-00C04F79EFBC}") = "ConfigServices", "ConfigServices\ConfigServices.csproj", "{A9038E59-E3F6-41D2-B432-E069766FEFA1}"
EndProject
Project("{FAE04EC0-301F-11D3-BF4B-00C04F79EFBC}") = "LogServices", "LogServices\LogServices.csproj", "{AC2AF73F-1766-4F56-8621-74CBA1F1AFBB}"
EndProject
Global
	GlobalSection(SolutionConfigurationPlatforms) = preSolution
		Debug|Any CPU = Debug|Any CPU
		Release|Any CPU = Release|Any CPU
	EndGlobalSection
	GlobalSection(ProjectConfigurationPlatforms) = postSolution
		{71BC87FC-AF01-44E9-A088-3A6EA8D4C327}.Debug|Any CPU.ActiveCfg = Debug|Any CPU
		{71BC87FC-AF01-44E9-A088-3A6EA8D4C327}.Debug|Any CPU.Build.0 = Debug|Any CPU
		{71BC87FC-AF01-44E9-A088-3A6EA8D4C327}.Release|Any CPU.ActiveCfg = Release|Any CPU
		{71BC87FC-AF01-44E9-A088-3A6EA8D4C327}.Release|Any CPU.Build.0 = Release|Any CPU
		{F7F680E1-542B-4BBF-B4CC-4AB0D74A3E94}.Debug|Any CPU.ActiveCfg = Debug|Any CPU
		{F7F680E1-542B-4BBF-B4CC-4AB0D74A3E94}.Debug|Any CPU.Build.0 = Debug|Any CPU
		{F7F680E1-542B-4BBF-B4CC-4AB0D74A3E94}.Release|Any CPU.ActiveCfg = Release|Any CPU
		{F7F680E1-542B-4BBF-B4CC-4AB0D74A3E94}.Release|Any CPU.Build.0 = Release|Any CPU
		{A57CF9BD-B47A-4474-B944-BB74159AACAA}.Debug|Any CPU.ActiveCfg = Debug|Any CPU
		{A57CF9BD-B47A-4474-B944-BB74159AACAA}.Debug|Any CPU.Build.0 = Debug|Any CPU
		{A57CF9BD-B47A-4474-B944-BB74159AACAA}.Release|Any CPU.ActiveCfg = Release|Any CPU
		{A57CF9BD-B47A-4474-B944-BB74159AACAA}.Release|Any CPU.Build.0 = Release|Any CPU
		{BD309BA0-5AA5-4641-B00A-BE49879D08E6}.Debug|Any CPU.ActiveCfg = Debug|Any CPU
		{BD309BA0-5AA5-4641-B00A-BE49879D08E6}.Debug|Any CPU.Build.0 = Debug|Any CPU
		{BD309BA0-5AA5-4641-B00A-BE49879D08E6}.Release|Any CPU.ActiveCfg = Release|Any CPU
		{BD309BA0-5AA5-4641-B00A-BE49879D08E6}.Release|Any CPU.Build.0 = Release|Any CPU
		{C88C7681-60F0-4BF9-A7CA-6A2CBF9DD349}.Debug|Any CPU.ActiveCfg = Debug|Any CPU
		{C88C7681-60F0-4BF9-A7CA-6A2CBF9DD349}.Debug|Any CPU.Build.0 = Debug|Any CPU
		{C88C7681-60F0-4BF9-A7CA-6A2CBF9DD349}.Release|Any CPU.ActiveCfg = Release|Any CPU
		{C88C7681-60F0-4BF9-A7CA-6A2CBF9DD349}.Release|Any CPU.Build.0 = Release|Any CPU
		{F6970D57-2E0F-4544-810C-08D174A7373E}.Debug|Any CPU.ActiveCfg = Debug|Any CPU
		{F6970D57-2E0F-4544-810C-08D174A7373E}.Debug|Any CPU.Build.0 = Debug|Any CPU
		{F6970D57-2E0F-4544-810C-08D174A7373E}.Release|Any CPU.ActiveCfg = Release|Any CPU
		{F6970D57-2E0F-4544-810C-08D174A7373E}.Release|Any CPU.Build.0 = Release|Any CPU
		{A101B09D-F039-4C82-8DD4-E72B75902F75}.Debug|Any CPU.ActiveCfg = Debug|Any CPU
		{A101B09D-F039-4C82-8DD4-E72B75902F75}.Debug|Any CPU.Build.0 = Debug|Any CPU
		{A101B09D-F039-4C82-8DD4-E72B75902F75}.Release|Any CPU.ActiveCfg = Release|Any CPU
		{A101B09D-F039-4C82-8DD4-E72B75902F75}.Release|Any CPU.Build.0 = Release|Any CPU
		{749D3474-768D-4C9A-BAEF-63C8C46AD7A8}.Debug|Any CPU.ActiveCfg = Debug|Any CPU
		{749D3474-768D-4C9A-BAEF-63C8C46AD7A8}.Debug|Any CPU.Build.0 = Debug|Any CPU
		{749D3474-768D-4C9A-BAEF-63C8C46AD7A8}.Release|Any CPU.ActiveCfg = Release|Any CPU
		{749D3474-768D-4C9A-BAEF-63C8C46AD7A8}.Release|Any CPU.Build.0 = Release|Any CPU
		{106B065C-EF9F-4D8A-9735-653C628A1A07}.Debug|Any CPU.ActiveCfg = Debug|Any CPU
		{106B065C-EF9F-4D8A-9735-653C628A1A07}.Debug|Any CPU.Build.0 = Debug|Any CPU
		{106B065C-EF9F-4D8A-9735-653C628A1A07}.Release|Any CPU.ActiveCfg = Release|Any CPU
		{106B065C-EF9F-4D8A-9735-653C628A1A07}.Release|Any CPU.Build.0 = Release|Any CPU
		{A9038E59-E3F6-41D2-B432-E069766FEFA1}.Debug|Any CPU.ActiveCfg = Debug|Any CPU
		{A9038E59-E3F6-41D2-B432-E069766FEFA1}.Debug|Any CPU.Build.0 = Debug|Any CPU
		{A9038E59-E3F6-41D2-B432-E069766FEFA1}.Release|Any CPU.ActiveCfg = Release|Any CPU
		{A9038E59-E3F6-41D2-B432-E069766FEFA1}.Release|Any CPU.Build.0 = Release|Any CPU
		{AC2AF73F-1766-4F56-8621-74CBA1F1AFBB}.Debug|Any CPU.ActiveCfg = Debug|Any CPU
		{AC2AF73F-1766-4F56-8621-74CBA1F1AFBB}.Debug|Any CPU.Build.0 = Debug|Any CPU
		{AC2AF73F-1766-4F56-8621-74CBA1F1AFBB}.Release|Any CPU.ActiveCfg = Release|Any CPU
		{AC2AF73F-1766-4F56-8621-74CBA1F1AFBB}.Release|Any CPU.Build.0 = Release|Any CPU
	EndGlobalSection
	GlobalSection(SolutionProperties) = preSolution
		HideSolutionNode = FALSE
	EndGlobalSection
	GlobalSection(ExtensibilityGlobals) = postSolution
		SolutionGuid = {80A618C2-233B-4F38-8751-137027D85A6F}
	EndGlobalSection
EndGlobal
